
Microsoft Visual Studio Solution File, Format Version 12.00
# Visual Studio Version 17
VisualStudioVersion = 17.3.32922.545
MinimumVisualStudioVersion = 10.0.40219.1
Project("{8BC9CEB8-8B4A-11D0-8D11-00A0C91BC942}") = "Application", "Application\Application.vcxproj", "{955680C7-2A7C-4CDE-9370-1338BECA5498}"
	ProjectSection(ProjectDependencies) = postProject
		{4ACFDB34-984B-4E82-8079-9BA211D15399} = {4ACFDB34-984B-4E82-8079-9BA211D15399}
	EndProjectSection
EndProject
Project("{8BC9CEB8-8B4A-11D0-8D11-00A0C91BC942}") = "OpenGLPlus", "OpenGLPlus\OpenGLPlus.vcxproj", "{4ACFDB34-984B-4E82-8079-9BA211D15399}"
EndProject
Global
	GlobalSection(SolutionConfigurationPlatforms) = preSolution
		Debug|x64 = Debug|x64
		Debug|x86 = Debug|x86
		Release|x64 = Release|x64
		Release|x86 = Release|x86
	EndGlobalSection
	GlobalSection(ProjectConfigurationPlatforms) = postSolution
		{955680C7-2A7C-4CDE-9370-1338BECA5498}.Debug|x64.ActiveCfg = Debug|x64
		{955680C7-2A7C-4CDE-9370-1338BECA5498}.Debug|x64.Build.0 = Debug|x64
		{955680C7-2A7C-4CDE-9370-1338BECA5498}.Debug|x86.ActiveCfg = Debug|Win32
		{955680C7-2A7C-4CDE-9370-1338BECA5498}.Debug|x86.Build.0 = Debug|Win32
		{955680C7-2A7C-4CDE-9370-1338BECA5498}.Release|x64.ActiveCfg = Release|x64
		{955680C7-2A7C-4CDE-9370-1338BECA5498}.Release|x64.Build.0 = Release|x64
		{955680C7-2A7C-4CDE-9370-1338BECA5498}.Release|x86.ActiveCfg = Release|Win32
		{955680C7-2A7C-4CDE-9370-1338BECA5498}.Release|x86.Build.0 = Release|Win32
		{4ACFDB34-984B-4E82-8079-9BA211D15399}.Debug|x64.ActiveCfg = Debug|x64
		{4ACFDB34-984B-4E82-8079-9BA211D15399}.Debug|x64.Build.0 = Debug|x64
		{4ACFDB34-984B-4E82-8079-9BA211D15399}.Debug|x86.ActiveCfg = Debug|Win32
		{4ACFDB34-984B-4E82-8079-9BA211D15399}.Debug|x86.Build.0 = Debug|Win32
		{4ACFDB34-984B-4E82-8079-9BA211D15399}.Release|x64.ActiveCfg = Release|x64
		{4ACFDB34-984B-4E82-8079-9BA211D15399}.Release|x64.Build.0 = Release|x64
		{4ACFDB34-984B-4E82-8079-9BA211D15399}.Release|x86.ActiveCfg = Release|Win32
		{4ACFDB34-984B-4E82-8079-9BA211D15399}.Release|x86.Build.0 = Release|Win32
	EndGlobalSection
	GlobalSection(SolutionProperties) = preSolution
		HideSolutionNode = FALSE
	EndGlobalSection
	GlobalSection(ExtensibilityGlobals) = postSolution
		SolutionGuid = {D16D5824-5B74-4B10-B368-216D631DE0DB}
	EndGlobalSection
EndGlobal
